<?xml version="1.0" encoding="utf-8"?>
<Project ToolsVersion="4.0" xmlns="http://schemas.microsoft.com/developer/msbuild/2003">
  <ItemGroup>
    <Filter Include="Resource Files">
      <UniqueIdentifier>{67DA6AB6-F800-4c08-8B7A-83BB121AAD01}</UniqueIdentifier>
      <Extensions>rc;ico;cur;bmp;dlg;rc2;rct;bin;rgs;gif;jpg;jpeg;jpe;resx;tiff;tif;png;wav;mfcribbon-ms</Extensions>
    </Filter>
    <Filter Include="Sources">
      <UniqueIdentifier>{fe5d2821-1c5f-45c0-8104-ce609caa1d94}</UniqueIdentifier>
    </Filter>
    <Filter Include="Sources\model">
      <UniqueIdentifier>{cb211c6f-575c-4a11-a0ac-1aec56565d79}</UniqueIdentifier>
    </Filter>
    <Filter Include="Sources\Controller">
      <UniqueIdentifier>{2655f60e-ec35-49a7-b257-f9cd5a89a710}</UniqueIdentifier>
    </Filter>
    <Filter Include="Sources\Visualizator">
      <UniqueIdentifier>{34102e09-d098-4c94-a84a-0a0294a7c5c8}</UniqueIdentifier>
    </Filter>
  </ItemGroup>
  <ItemGroup>
    <ClInclude Include="..\..\CB\m-model[ver-0.2]\sources\model\!m-model.h">
      <Filter>Sources\model</Filter>
    </ClInclude>
    <ClInclude Include="..\..\CB\m-model[ver-0.2]\sources\model\config-model.h">
      <Filter>Sources\model</Filter>
    </ClInclude>
    <ClInclude Include="..\..\CB\m-model[ver-0.2]\sources\debug.h">
      <Filter>Sources</Filter>
    </ClInclude>
    <ClInclude Include="..\..\CB\m-model[ver-0.2]\sources\program.h">
      <Filter>Sources</Filter>
    </ClInclude>
    <ClInclude Include="..\..\CB\m-model[ver-0.2]\sources\user-model.h">
      <Filter>Sources</Filter>
    </ClInclude>
    <ClInclude Include="..\..\CB\m-model[ver-0.2]\sources\controller\controller.h">
      <Filter>Sources\Controller</Filter>
    </ClInclude>
    <ClInclude Include="..\..\CB\m-model[ver-0.2]\sources\vsl\vsl.h">
      <Filter>Sources\Visualizator</Filter>
    </ClInclude>
    <ClInclude Include="..\..\CB\m-model[ver-0.2]\sources\model\myl.h">
      <Filter>Sources\model</Filter>
    </ClInclude>
  </ItemGroup>
  <ItemGroup>
    <None Include="..\..\CB\m-model[ver-0.2]\sources\model\cards.inc">
      <Filter>Sources\model</Filter>
    </None>
    <None Include="..\..\CB\m-model[ver-0.2]\sources\model\field.inc">
      <Filter>Sources\model</Filter>
    </None>
  </ItemGroup>
  <ItemGroup>
    <ClCompile Include="..\..\CB\m-model[ver-0.2]\sources\model\model.cpp">
      <Filter>Sources\model</Filter>
    </ClCompile>
    <ClCompile Include="..\..\CB\m-model[ver-0.2]\sources\main.cpp">
      <Filter>Sources</Filter>
    </ClCompile>
  </ItemGroup>
</Project>