<?xml version="1.0" encoding="utf-8"?>
<Project ToolsVersion="4.0" xmlns="http://schemas.microsoft.com/developer/msbuild/2003">
  <ItemGroup>
    <Filter Include="Source Files">
      <UniqueIdentifier>{4FC737F1-C7A5-4376-A066-2A32D752A2FF}</UniqueIdentifier>
      <Extensions>cpp;c;cc;cxx;c++;cppm;ixx;def;odl;idl;hpj;bat;asm;asmx</Extensions>
    </Filter>
    <Filter Include="Resource Files">
      <UniqueIdentifier>{67DA6AB6-F800-4c08-8B7A-83BB121AAD01}</UniqueIdentifier>
      <Extensions>rc;ico;cur;bmp;dlg;rc2;rct;bin;rgs;gif;jpg;jpeg;jpe;resx;tiff;tif;png;wav;mfcribbon-ms</Extensions>
    </Filter>
    <Filter Include="Source Files\model">
      <UniqueIdentifier>{880146b6-3271-4e0c-bbc9-d0b50e80ef87}</UniqueIdentifier>
    </Filter>
    <Filter Include="Source Files\vsl">
      <UniqueIdentifier>{1629b5f7-5cc5-4ce2-bfbf-5a5436c43936}</UniqueIdentifier>
    </Filter>
    <Filter Include="Source Files\controller">
      <UniqueIdentifier>{558e42ac-6eb8-4f95-b2d5-68f807b29fba}</UniqueIdentifier>
    </Filter>
    <Filter Include="Source Files\model\implants">
      <UniqueIdentifier>{8e4ae266-dbb2-4a70-87a9-f62489bceb3f}</UniqueIdentifier>
    </Filter>
  </ItemGroup>
  <ItemGroup>
    <ClCompile Include="..\..\CB\m-model[ver-0.2]\sources\main.cpp">
      <Filter>Source Files</Filter>
    </ClCompile>
    <ClCompile Include="..\..\CB\m-model[ver-0.2]\sources\model\model.cpp">
      <Filter>Source Files\model</Filter>
    </ClCompile>
    <ClCompile Include="..\..\CB\m-model[ver-0.2]\sources\model\implants\bot-iq.cpp">
      <Filter>Source Files\model\implants</Filter>
    </ClCompile>
  </ItemGroup>
  <ItemGroup>
    <ClInclude Include="..\..\CB\m-model[ver-0.2]\sources\debug.h">
      <Filter>Source Files</Filter>
    </ClInclude>
    <ClInclude Include="..\..\CB\m-model[ver-0.2]\sources\program.h">
      <Filter>Source Files</Filter>
    </ClInclude>
    <ClInclude Include="..\..\CB\m-model[ver-0.2]\sources\user-model.h">
      <Filter>Source Files</Filter>
    </ClInclude>
    <ClInclude Include="..\..\CB\m-model[ver-0.2]\sources\model\!m-model.h">
      <Filter>Source Files\model</Filter>
    </ClInclude>
    <ClInclude Include="..\..\CB\m-model[ver-0.2]\sources\model\config-model.h">
      <Filter>Source Files\model</Filter>
    </ClInclude>
    <ClInclude Include="..\..\CB\m-model[ver-0.2]\sources\model\myl.h">
      <Filter>Source Files\model</Filter>
    </ClInclude>
    <ClInclude Include="..\..\CB\m-model[ver-0.2]\sources\vsl\vsl.h">
      <Filter>Source Files\vsl</Filter>
    </ClInclude>
    <ClInclude Include="..\..\CB\m-model[ver-0.2]\sources\controller\controller.h">
      <Filter>Source Files\controller</Filter>
    </ClInclude>
    <ClInclude Include="..\..\CB\m-model[ver-0.2]\sources\model\implants\bot-iq.h">
      <Filter>Source Files\model\implants</Filter>
    </ClInclude>
  </ItemGroup>
  <ItemGroup>
    <None Include="..\..\CB\m-model[ver-0.2]\sources\model\cards.inc">
      <Filter>Source Files\model</Filter>
    </None>
    <None Include="..\..\CB\m-model[ver-0.2]\sources\model\field.inc">
      <Filter>Source Files\model</Filter>
    </None>
  </ItemGroup>
  <ItemGroup>
    <Text Include="..\..\task-dev.txt" />
  </ItemGroup>
</Project>